<?xml version="1.0" encoding="utf-8"?>
<Project ToolsVersion="4.0" xmlns="http://schemas.microsoft.com/developer/msbuild/2003">
  <ItemGroup>
    <Filter Include="Source Files">
      <UniqueIdentifier>{4FC737F1-C7A5-4376-A066-2A32D752A2FF}</UniqueIdentifier>
      <Extensions>cpp;c;cc;cxx;def;odl;idl;hpj;bat;asm;asmx</Extensions>
    </Filter>
    <Filter Include="Header Files">
      <UniqueIdentifier>{93995380-89BD-4b04-88EB-625FBE52EBFB}</UniqueIdentifier>
      <Extensions>h;hh;hpp;hxx;hm;inl;inc;xsd</Extensions>
    </Filter>
    <Filter Include="Resource Files">
      <UniqueIdentifier>{67DA6AB6-F800-4c08-8B7A-83BB121AAD01}</UniqueIdentifier>
      <Extensions>rc;ico;cur;bmp;dlg;rc2;rct;bin;rgs;gif;jpg;jpeg;jpe;resx;tiff;tif;png;wav;mfcribbon-ms</Extensions>
    </Filter>
  </ItemGroup>
  <ItemGroup>
    <ClCompile Include="src\EngineCore.cpp">
      <Filter>Source Files</Filter>
    </ClCompile>
    <ClCompile Include="src\Tools.cpp">
      <Filter>Source Files</Filter>
    </ClCompile>
    <ClCompile Include="src\Animation\Animation.cpp">
      <Filter>Source Files</Filter>
    </ClCompile>
    <ClCompile Include="src\Animation\AnimationSheet.cpp">
      <Filter>Source Files</Filter>
    </ClCompile>
    <ClCompile Include="src\Manager\ColliderManager.cpp">
      <Filter>Source Files</Filter>
    </ClCompile>
    <ClCompile Include="src\Object\Component.cpp">
      <Filter>Source Files</Filter>
    </ClCompile>
    <ClCompile Include="src\Object\Object.cpp">
      <Filter>Source Files</Filter>
    </ClCompile>
    <ClCompile Include="src\Object\Transform.cpp">
      <Filter>Source Files</Filter>
    </ClCompile>
    <ClCompile Include="src\Physic\CircleCollider.cpp">
      <Filter>Source Files</Filter>
    </ClCompile>
    <ClCompile Include="src\Physic\Collider.cpp">
      <Filter>Source Files</Filter>
    </ClCompile>
    <ClCompile Include="src\Physic\RigidBody.cpp">
      <Filter>Source Files</Filter>
    </ClCompile>
    <ClCompile Include="src\Manager\TextureManager.cpp">
      <Filter>Source Files</Filter>
    </ClCompile>
    <ClCompile Include="src\Dialog\Dialog.cpp">
      <Filter>Source Files</Filter>
    </ClCompile>
    <ClCompile Include="src\Manager\DialogManager.cpp">
      <Filter>Source Files</Filter>
    </ClCompile>
    <ClCompile Include="src\Dialog\DialogBox.cpp">
      <Filter>Source Files</Filter>
    </ClCompile>
    <ClCompile Include="src\Object\SpriteBatch.cpp">
      <Filter>Source Files</Filter>
    </ClCompile>
    <ClCompile Include="src\TiledMap\TileSet.cpp">
      <Filter>Source Files</Filter>
    </ClCompile>
    <ClCompile Include="src\TiledMap\TiledMap.cpp">
      <Filter>Source Files</Filter>
    </ClCompile>
    <ClCompile Include="src\TiledMap\TiledMapZone.cpp">
      <Filter>Source Files</Filter>
    </ClCompile>
    <ClCompile Include="src\Manager\TileSetManager.cpp">
      <Filter>Source Files</Filter>
    </ClCompile>
    <ClCompile Include="src\Particles\Particle.cpp">
      <Filter>Source Files</Filter>
    </ClCompile>
    <ClCompile Include="src\Particles\SpriteParticle.cpp">
      <Filter>Source Files</Filter>
    </ClCompile>
    <ClCompile Include="src\Particles\VertexParticle.cpp">
      <Filter>Source Files</Filter>
    </ClCompile>
    <ClCompile Include="src\Particles\Systems\VertexParticleSystem.cpp">
      <Filter>Source Files</Filter>
    </ClCompile>
    <ClCompile Include="src\Particles\Systems\SpriteParticleSystem.cpp">
      <Filter>Source Files</Filter>
    </ClCompile>
    <ClCompile Include="src\Particles\Effectors\Repeller.cpp">
      <Filter>Source Files</Filter>
    </ClCompile>
    <ClCompile Include="src\Particles\Effectors\ColorByVelocity.cpp">
      <Filter>Source Files</Filter>
    </ClCompile>
    <ClCompile Include="src\Particles\Effectors\LoopZone.cpp">
      <Filter>Source Files</Filter>
    </ClCompile>
    <ClCompile Include="src\Particles\Emitter.cpp">
      <Filter>Source Files</Filter>
    </ClCompile>
    <ClCompile Include="src\UI\Button.cpp">
      <Filter>Source Files</Filter>
    </ClCompile>
    <ClCompile Include="src\Manager\FontManager.cpp">
      <Filter>Source Files</Filter>
    </ClCompile>
    <ClCompile Include="src\UI\Widget.cpp">
      <Filter>Source Files</Filter>
    </ClCompile>
  </ItemGroup>
  <ItemGroup>
    <ClInclude Include="include\NeptuneSFML\Physic\RigidBody.h">
      <Filter>Header Files</Filter>
    </ClInclude>
    <ClInclude Include="include\NeptuneSFML\Animation\Animation.h">
      <Filter>Header Files</Filter>
    </ClInclude>
    <ClInclude Include="include\NeptuneSFML\Animation\AnimationSheet.h">
      <Filter>Header Files</Filter>
    </ClInclude>
    <ClInclude Include="include\NeptuneSFML\Manager\ColliderManager.h">
      <Filter>Header Files</Filter>
    </ClInclude>
    <ClInclude Include="include\NeptuneSFML\Object\Component.h">
      <Filter>Header Files</Filter>
    </ClInclude>
    <ClInclude Include="include\NeptuneSFML\Object\Object.h">
      <Filter>Header Files</Filter>
    </ClInclude>
    <ClInclude Include="include\NeptuneSFML\Object\Transform.h">
      <Filter>Header Files</Filter>
    </ClInclude>
    <ClInclude Include="include\NeptuneSFML\Physic\CircleCollider.h">
      <Filter>Header Files</Filter>
    </ClInclude>
    <ClInclude Include="include\NeptuneSFML\Physic\Collider.h">
      <Filter>Header Files</Filter>
    </ClInclude>
    <ClInclude Include="include\NeptuneSFML\Physic\CollisionInfos.h">
      <Filter>Header Files</Filter>
    </ClInclude>
    <ClInclude Include="include\NeptuneSFML\EngineCore.h">
      <Filter>Header Files</Filter>
    </ClInclude>
    <ClInclude Include="include\NeptuneSFML\Export.h">
      <Filter>Header Files</Filter>
    </ClInclude>
    <ClInclude Include="include\NeptuneSFML\Tools.h">
      <Filter>Header Files</Filter>
    </ClInclude>
    <ClInclude Include="include\NeptuneSFML\Manager\TextureManager.h">
      <Filter>Header Files</Filter>
    </ClInclude>
    <ClInclude Include="include\NeptuneSFML\Manager\DialogManager.h">
      <Filter>Header Files</Filter>
    </ClInclude>
    <ClInclude Include="include\NeptuneSFML\Dialog\Dialog.h">
      <Filter>Header Files</Filter>
    </ClInclude>
    <ClInclude Include="include\NeptuneSFML\Dialog\DialogBox.h">
      <Filter>Header Files</Filter>
    </ClInclude>
    <ClInclude Include="include\NeptuneSFML\Object\ObjectPool.h">
      <Filter>Header Files</Filter>
    </ClInclude>
    <ClInclude Include="include\NeptuneSFML\Object\SpriteBatch.h">
      <Filter>Header Files</Filter>
    </ClInclude>
    <ClInclude Include="include\NeptuneSFML\TiledMap\TileSet.h">
      <Filter>Header Files</Filter>
    </ClInclude>
    <ClInclude Include="include\NeptuneSFML\TiledMap\Tile.h">
      <Filter>Header Files</Filter>
    </ClInclude>
    <ClInclude Include="include\NeptuneSFML\TiledMap\TiledMap.h">
      <Filter>Header Files</Filter>
    </ClInclude>
    <ClInclude Include="include\NeptuneSFML\TiledMap\TiledMapZone.h">
      <Filter>Header Files</Filter>
    </ClInclude>
    <ClInclude Include="include\NeptuneSFML\Manager\TileSetManager.h">
      <Filter>Header Files</Filter>
    </ClInclude>
    <ClInclude Include="include\NeptuneSFML\json.hpp">
      <Filter>Header Files</Filter>
    </ClInclude>
    <ClInclude Include="include\NeptuneSFML\Game.h">
      <Filter>Header Files</Filter>
    </ClInclude>
    <ClInclude Include="include\NeptuneSFML\Particles\Particle.h">
      <Filter>Header Files</Filter>
    </ClInclude>
    <ClInclude Include="include\NeptuneSFML\Particles\SpriteParticle.h">
      <Filter>Header Files</Filter>
    </ClInclude>
    <ClInclude Include="include\NeptuneSFML\Particles\VertexParticle.h">
      <Filter>Header Files</Filter>
    </ClInclude>
    <ClInclude Include="include\NeptuneSFML\Particles\Systems\VertexParticleSystem.h">
      <Filter>Header Files</Filter>
    </ClInclude>
    <ClInclude Include="include\NeptuneSFML\Particles\Systems\SpriteParticleSystem.h">
      <Filter>Header Files</Filter>
    </ClInclude>
    <ClInclude Include="include\NeptuneSFML\Particles\Effectors\Repeller.h">
      <Filter>Header Files</Filter>
    </ClInclude>
    <ClInclude Include="include\NeptuneSFML\Particles\Effectors\ParticleEffector.h">
      <Filter>Header Files</Filter>
    </ClInclude>
    <ClInclude Include="include\NeptuneSFML\Particles\Effectors\ColorByVelocity.h">
      <Filter>Header Files</Filter>
    </ClInclude>
    <ClInclude Include="include\NeptuneSFML\Particles\Effectors\LoopZone.h">
      <Filter>Header Files</Filter>
    </ClInclude>
    <ClInclude Include="include\NeptuneSFML\Particles\Emitter.h">
      <Filter>Header Files</Filter>
    </ClInclude>
    <ClInclude Include="include\NeptuneSFML\Particles\Systems\ParticleSystem.h">
      <Filter>Header Files</Filter>
    </ClInclude>
    <ClInclude Include="include\NeptuneSFML\UI\Button.h">
      <Filter>Header Files</Filter>
    </ClInclude>
    <ClInclude Include="include\NeptuneSFML\Manager\FontManager.h">
      <Filter>Header Files</Filter>
    </ClInclude>
    <ClInclude Include="include\NeptuneSFML\UI\Widget.h">
      <Filter>Header Files</Filter>
    </ClInclude>
  </ItemGroup>
  <ItemGroup>
    <None Include="include\NeptuneSFML\Object\ObjectPool.inl">
      <Filter>Header Files</Filter>
    </None>
  </ItemGroup>
</Project>