<?xml version="1.0" encoding="utf-8"?>
<Project ToolsVersion="4.0" xmlns="http://schemas.microsoft.com/developer/msbuild/2003">
  <ItemGroup>
    <Filter Include="Source Files">
      <UniqueIdentifier>{4FC737F1-C7A5-4376-A066-2A32D752A2FF}</UniqueIdentifier>
      <Extensions>cpp;c;cc;cxx;def;odl;idl;hpj;bat;asm;asmx</Extensions>
    </Filter>
    <Filter Include="Header Files">
      <UniqueIdentifier>{93995380-89BD-4b04-88EB-625FBE52EBFB}</UniqueIdentifier>
      <Extensions>h;hh;hpp;hxx;hm;inl;inc;xsd</Extensions>
    </Filter>
    <Filter Include="Resource Files">
      <UniqueIdentifier>{67DA6AB6-F800-4c08-8B7A-83BB121AAD01}</UniqueIdentifier>
      <Extensions>rc;ico;cur;bmp;dlg;rc2;rct;bin;rgs;gif;jpg;jpeg;jpe;resx;tiff;tif;png;wav;mfcribbon-ms</Extensions>
    </Filter>
  </ItemGroup>
  <ItemGroup>
    <ClCompile Include="CreeperWorld\CreeperMap\CreeperMap.cpp">
      <Filter>Source Files</Filter>
    </ClCompile>
    <ClCompile Include="Isaac\Room.cpp">
      <Filter>Source Files</Filter>
    </ClCompile>
    <ClCompile Include="Isaac\Floor.cpp">
      <Filter>Source Files</Filter>
    </ClCompile>
    <ClCompile Include="Shmup\Bullet.cpp">
      <Filter>Source Files</Filter>
    </ClCompile>
    <ClCompile Include="Shmup\BulletsManager.cpp">
      <Filter>Source Files</Filter>
    </ClCompile>
    <ClCompile Include="Shmup\Player.cpp">
      <Filter>Source Files</Filter>
    </ClCompile>
    <ClCompile Include="Shmup\Shot\DoubleShot.cpp">
      <Filter>Source Files</Filter>
    </ClCompile>
    <ClCompile Include="Shmup\Shot\SimpleShot.cpp">
      <Filter>Source Files</Filter>
    </ClCompile>
    <ClCompile Include="Zelda\ZeldaGame.cpp">
      <Filter>Source Files</Filter>
    </ClCompile>
    <ClCompile Include="Shmup\ShmupGame.cpp">
      <Filter>Source Files</Filter>
    </ClCompile>
    <ClCompile Include="Isaac\IsaacGame.cpp">
      <Filter>Source Files</Filter>
    </ClCompile>
    <ClCompile Include="CreeperWorld\CreeperWorldGame.cpp">
      <Filter>Source Files</Filter>
    </ClCompile>
    <ClCompile Include="Sonic\SonicGame.cpp">
      <Filter>Source Files</Filter>
    </ClCompile>
    <ClCompile Include="Sonic\Sonic.cpp">
      <Filter>Source Files</Filter>
    </ClCompile>
    <ClCompile Include="Particles\ParticlesGame.cpp">
      <Filter>Source Files</Filter>
    </ClCompile>
    <ClCompile Include="Sonic\Level.cpp">
      <Filter>Source Files</Filter>
    </ClCompile>
    <ClCompile Include="PathFinding\PathFindingGame.cpp">
      <Filter>Source Files</Filter>
    </ClCompile>
    <ClCompile Include="PathFinding\AStar.cpp">
      <Filter>Source Files</Filter>
    </ClCompile>
    <ClCompile Include="PathFinding\Map.cpp">
      <Filter>Source Files</Filter>
    </ClCompile>
    <ClCompile Include="FFTA\FFTAGame.cpp">
      <Filter>Source Files</Filter>
    </ClCompile>
    <ClCompile Include="FFTA\FFTACharacter.cpp">
      <Filter>Source Files</Filter>
    </ClCompile>
    <ClCompile Include="FFTA\Battle\FFTABattleCursor.cpp">
      <Filter>Source Files</Filter>
    </ClCompile>
    <ClCompile Include="FFTA\Battle\FFTABattle.cpp">
      <Filter>Source Files</Filter>
    </ClCompile>
    <ClCompile Include="FFTA\Battle\FFTAMap.cpp">
      <Filter>Source Files</Filter>
    </ClCompile>
    <ClCompile Include="FFTA\Battle\FFTACharacterInfos.cpp">
      <Filter>Source Files</Filter>
    </ClCompile>
    <ClCompile Include="FFTA\Battle\FFTAHighligthedTile.cpp">
      <Filter>Source Files</Filter>
    </ClCompile>
    <ClCompile Include="main.cpp">
      <Filter>Source Files</Filter>
    </ClCompile>
  </ItemGroup>
  <ItemGroup>
    <ClInclude Include="CreeperWorld\CreeperMap\CreeperMap.h">
      <Filter>Header Files</Filter>
    </ClInclude>
    <ClInclude Include="Isaac\Room.h">
      <Filter>Header Files</Filter>
    </ClInclude>
    <ClInclude Include="Isaac\Floor.h">
      <Filter>Header Files</Filter>
    </ClInclude>
    <ClInclude Include="Shmup\Bullet.h">
      <Filter>Header Files</Filter>
    </ClInclude>
    <ClInclude Include="Shmup\BulletsManager.h">
      <Filter>Header Files</Filter>
    </ClInclude>
    <ClInclude Include="Shmup\Player.h">
      <Filter>Header Files</Filter>
    </ClInclude>
    <ClInclude Include="Shmup\Shot\DoubleShot.h">
      <Filter>Header Files</Filter>
    </ClInclude>
    <ClInclude Include="Shmup\Shot\ShotInterface.h">
      <Filter>Header Files</Filter>
    </ClInclude>
    <ClInclude Include="Shmup\Shot\SimpleShot.h">
      <Filter>Header Files</Filter>
    </ClInclude>
    <ClInclude Include="Zelda\ZeldaGame.h">
      <Filter>Header Files</Filter>
    </ClInclude>
    <ClInclude Include="Shmup\ShmupGame.h">
      <Filter>Header Files</Filter>
    </ClInclude>
    <ClInclude Include="Isaac\IsaacGame.h">
      <Filter>Header Files</Filter>
    </ClInclude>
    <ClInclude Include="CreeperWorld\CreeperWorldGame.h">
      <Filter>Header Files</Filter>
    </ClInclude>
    <ClInclude Include="Sonic\SonicGame.h">
      <Filter>Header Files</Filter>
    </ClInclude>
    <ClInclude Include="Sonic\Sonic.h">
      <Filter>Header Files</Filter>
    </ClInclude>
    <ClInclude Include="Particles\ParticlesGame.h">
      <Filter>Header Files</Filter>
    </ClInclude>
    <ClInclude Include="Sonic\Level.h">
      <Filter>Header Files</Filter>
    </ClInclude>
    <ClInclude Include="PathFinding\PathFindingGame.h">
      <Filter>Header Files</Filter>
    </ClInclude>
    <ClInclude Include="PathFinding\AStar.h">
      <Filter>Header Files</Filter>
    </ClInclude>
    <ClInclude Include="PathFinding\Map.h">
      <Filter>Header Files</Filter>
    </ClInclude>
    <ClInclude Include="FFTA\FFTAGame.h">
      <Filter>Header Files</Filter>
    </ClInclude>
    <ClInclude Include="FFTA\FFTACharacter.h">
      <Filter>Header Files</Filter>
    </ClInclude>
    <ClInclude Include="FFTA\Battle\FFTABattleCursor.h">
      <Filter>Header Files</Filter>
    </ClInclude>
    <ClInclude Include="FFTA\Battle\FFTABattle.h">
      <Filter>Header Files</Filter>
    </ClInclude>
    <ClInclude Include="FFTA\Battle\FFTAMap.h">
      <Filter>Header Files</Filter>
    </ClInclude>
    <ClInclude Include="FFTA\Battle\FFTACharacterInfos.h">
      <Filter>Header Files</Filter>
    </ClInclude>
    <ClInclude Include="FFTA\Battle\FFTAHighligthedTile.h">
      <Filter>Header Files</Filter>
    </ClInclude>
  </ItemGroup>
</Project>